{
  "originHash" : "2dc9104de35ff84cbcaba8ba79aacb97e48b751fc0f3a295748023d583623a2e",
  "pins" : [
    {
      "identity" : "chipagecontrol",
      "kind" : "remoteSourceControl",
      "location" : "https://github.com/ChiliLabs/CHIPageControl.git",
      "state" : {
        "revision" : "2d16f651a6c885e8d7eff21b36bd1cae3130aa10",
        "version" : "0.2.1"
      }
    },
    {
      "identity" : "swiftlintplugins",
      "kind" : "remoteSourceControl",
      "location" : "https://github.com/SimplyDanny/SwiftLintPlugins",
      "state" : {
        "revision" : "f9731bef175c3eea3a0ca960f1be78fcc2bc7853",
        "version" : "0.57.1"
      }
    }
  ],
  "version" : 3
}
