// !$*UTF8*$!
{
	archiveVersion = 1;
	classes = {
	};
	objectVersion = 56;
	objects = {

/* Begin PBXBuildFile section */
		554687C92CFB5C8B00FE724D /* AppDelegate.swift in Sources */ = {isa = PBXBuildFile; fileRef = 554687C82CFB5C8B00FE724D /* AppDelegate.swift */; };
		554687CB2CFB5C8B00FE724D /* SceneDelegate.swift in Sources */ = {isa = PBXBuildFile; fileRef = 554687CA2CFB5C8B00FE724D /* SceneDelegate.swift */; };
		554687CD2CFB5C8B00FE724D /* ViewController.swift in Sources */ = {isa = PBXBuildFile; fileRef = 554687CC2CFB5C8B00FE724D /* ViewController.swift */; };
		554687D22CFB5C8D00FE724D /* Images.xcassets in Resources */ = {isa = PBXBuildFile; fileRef = 554687D12CFB5C8D00FE724D /* Images.xcassets */; };
		554687D52CFB5C8D00FE724D /* Base in Resources */ = {isa = PBXBuildFile; fileRef = 554687D42CFB5C8D00FE724D /* Base */; };
		5560F2272CFB693A00398037 /* LICENSE.txt in Resources */ = {isa = PBXBuildFile; fileRef = 5560F2192CFB693A00398037 /* LICENSE.txt */; };
		5560F2282CFB693A00398037 /* Roboto-Black.ttf in Resources */ = {isa = PBXBuildFile; fileRef = 5560F21A2CFB693A00398037 /* Roboto-Black.ttf */; };
		5560F2292CFB693A00398037 /* Roboto-BlackItalic.ttf in Resources */ = {isa = PBXBuildFile; fileRef = 5560F21B2CFB693A00398037 /* Roboto-BlackItalic.ttf */; };
		5560F22A2CFB693A00398037 /* Roboto-Bold.ttf in Resources */ = {isa = PBXBuildFile; fileRef = 5560F21C2CFB693A00398037 /* Roboto-Bold.ttf */; };
		5560F22B2CFB693A00398037 /* Roboto-BoldItalic.ttf in Resources */ = {isa = PBXBuildFile; fileRef = 5560F21D2CFB693A00398037 /* Roboto-BoldItalic.ttf */; };
		5560F22C2CFB693A00398037 /* Roboto-Italic.ttf in Resources */ = {isa = PBXBuildFile; fileRef = 5560F21E2CFB693A00398037 /* Roboto-Italic.ttf */; };
		5560F22D2CFB693A00398037 /* Roboto-Light.ttf in Resources */ = {isa = PBXBuildFile; fileRef = 5560F21F2CFB693A00398037 /* Roboto-Light.ttf */; };
		5560F22E2CFB693A00398037 /* Roboto-LightItalic.ttf in Resources */ = {isa = PBXBuildFile; fileRef = 5560F2202CFB693A00398037 /* Roboto-LightItalic.ttf */; };
		5560F22F2CFB693A00398037 /* Roboto-Medium.ttf in Resources */ = {isa = PBXBuildFile; fileRef = 5560F2212CFB693A00398037 /* Roboto-Medium.ttf */; };
		5560F2302CFB693A00398037 /* Roboto-MediumItalic.ttf in Resources */ = {isa = PBXBuildFile; fileRef = 5560F2222CFB693A00398037 /* Roboto-MediumItalic.ttf */; };
		5560F2312CFB693A00398037 /* Roboto-Regular.ttf in Resources */ = {isa = PBXBuildFile; fileRef = 5560F2232CFB693A00398037 /* Roboto-Regular.ttf */; };
		5560F2322CFB693A00398037 /* Roboto-Thin.ttf in Resources */ = {isa = PBXBuildFile; fileRef = 5560F2242CFB693A00398037 /* Roboto-Thin.ttf */; };
		5560F2332CFB693A00398037 /* Roboto-ThinItalic.ttf in Resources */ = {isa = PBXBuildFile; fileRef = 5560F2252CFB693A00398037 /* Roboto-ThinItalic.ttf */; };
		5560F2392CFB878000398037 /* swiftgen.yml in Resources */ = {isa = PBXBuildFile; fileRef = 5560F2382CFB878000398037 /* swiftgen.yml */; };
		5560F23B2CFB87E800398037 /* Colors.xcassets in Resources */ = {isa = PBXBuildFile; fileRef = 5560F23A2CFB87E800398037 /* Colors.xcassets */; };
		5560F2462CFB9B3D00398037 /* Fonts.swift in Sources */ = {isa = PBXBuildFile; fileRef = 5560F2442CFB9B3D00398037 /* Fonts.swift */; };
		5560F2472CFB9B3D00398037 /* XCAssets+Generated.swift in Sources */ = {isa = PBXBuildFile; fileRef = 5560F2452CFB9B3D00398037 /* XCAssets+Generated.swift */; };
/* End PBXBuildFile section */

/* Begin PBXFileReference section */
		554687C52CFB5C8B00FE724D /* FoodDelivery.app */ = {isa = PBXFileReference; explicitFileType = wrapper.application; includeInIndex = 0; path = FoodDelivery.app; sourceTree = BUILT_PRODUCTS_DIR; };
		554687C82CFB5C8B00FE724D /* AppDelegate.swift */ = {isa = PBXFileReference; lastKnownFileType = sourcecode.swift; path = AppDelegate.swift; sourceTree = "<group>"; };
		554687CA2CFB5C8B00FE724D /* SceneDelegate.swift */ = {isa = PBXFileReference; lastKnownFileType = sourcecode.swift; path = SceneDelegate.swift; sourceTree = "<group>"; };
		554687CC2CFB5C8B00FE724D /* ViewController.swift */ = {isa = PBXFileReference; lastKnownFileType = sourcecode.swift; path = ViewController.swift; sourceTree = "<group>"; };
		554687D12CFB5C8D00FE724D /* Images.xcassets */ = {isa = PBXFileReference; lastKnownFileType = folder.assetcatalog; path = Images.xcassets; sourceTree = "<group>"; };
		554687D42CFB5C8D00FE724D /* Base */ = {isa = PBXFileReference; lastKnownFileType = file.storyboard; name = Base; path = Base.lproj/LaunchScreen.storyboard; sourceTree = "<group>"; };
		554687D62CFB5C8D00FE724D /* Info.plist */ = {isa = PBXFileReference; lastKnownFileType = text.plist.xml; path = Info.plist; sourceTree = "<group>"; };
		5560F2192CFB693A00398037 /* LICENSE.txt */ = {isa = PBXFileReference; fileEncoding = 4; lastKnownFileType = text; path = LICENSE.txt; sourceTree = "<group>"; };
		5560F21A2CFB693A00398037 /* Roboto-Black.ttf */ = {isa = PBXFileReference; lastKnownFileType = file; path = "Roboto-Black.ttf"; sourceTree = "<group>"; };
		5560F21B2CFB693A00398037 /* Roboto-BlackItalic.ttf */ = {isa = PBXFileReference; lastKnownFileType = file; path = "Roboto-BlackItalic.ttf"; sourceTree = "<group>"; };
		5560F21C2CFB693A00398037 /* Roboto-Bold.ttf */ = {isa = PBXFileReference; lastKnownFileType = file; path = "Roboto-Bold.ttf"; sourceTree = "<group>"; };
		5560F21D2CFB693A00398037 /* Roboto-BoldItalic.ttf */ = {isa = PBXFileReference; lastKnownFileType = file; path = "Roboto-BoldItalic.ttf"; sourceTree = "<group>"; };
		5560F21E2CFB693A00398037 /* Roboto-Italic.ttf */ = {isa = PBXFileReference; lastKnownFileType = file; path = "Roboto-Italic.ttf"; sourceTree = "<group>"; };
		5560F21F2CFB693A00398037 /* Roboto-Light.ttf */ = {isa = PBXFileReference; lastKnownFileType = file; path = "Roboto-Light.ttf"; sourceTree = "<group>"; };
		5560F2202CFB693A00398037 /* Roboto-LightItalic.ttf */ = {isa = PBXFileReference; lastKnownFileType = file; path = "Roboto-LightItalic.ttf"; sourceTree = "<group>"; };
		5560F2212CFB693A00398037 /* Roboto-Medium.ttf */ = {isa = PBXFileReference; lastKnownFileType = file; path = "Roboto-Medium.ttf"; sourceTree = "<group>"; };
		5560F2222CFB693A00398037 /* Roboto-MediumItalic.ttf */ = {isa = PBXFileReference; lastKnownFileType = file; path = "Roboto-MediumItalic.ttf"; sourceTree = "<group>"; };
		5560F2232CFB693A00398037 /* Roboto-Regular.ttf */ = {isa = PBXFileReference; lastKnownFileType = file; path = "Roboto-Regular.ttf"; sourceTree = "<group>"; };
		5560F2242CFB693A00398037 /* Roboto-Thin.ttf */ = {isa = PBXFileReference; lastKnownFileType = file; path = "Roboto-Thin.ttf"; sourceTree = "<group>"; };
		5560F2252CFB693A00398037 /* Roboto-ThinItalic.ttf */ = {isa = PBXFileReference; lastKnownFileType = file; path = "Roboto-ThinItalic.ttf"; sourceTree = "<group>"; };
		5560F2382CFB878000398037 /* swiftgen.yml */ = {isa = PBXFileReference; fileEncoding = 4; lastKnownFileType = text.yaml; path = swiftgen.yml; sourceTree = "<group>"; };
		5560F23A2CFB87E800398037 /* Colors.xcassets */ = {isa = PBXFileReference; lastKnownFileType = folder.assetcatalog; path = Colors.xcassets; sourceTree = "<group>"; };
		5560F2442CFB9B3D00398037 /* Fonts.swift */ = {isa = PBXFileReference; fileEncoding = 4; lastKnownFileType = sourcecode.swift; path = Fonts.swift; sourceTree = "<group>"; };
		5560F2452CFB9B3D00398037 /* XCAssets+Generated.swift */ = {isa = PBXFileReference; fileEncoding = 4; lastKnownFileType = sourcecode.swift; path = "XCAssets+Generated.swift"; sourceTree = "<group>"; };
/* End PBXFileReference section */

/* Begin PBXFrameworksBuildPhase section */
		554687C22CFB5C8B00FE724D /* Frameworks */ = {
			isa = PBXFrameworksBuildPhase;
			buildActionMask = 2147483647;
			files = (
			);
			runOnlyForDeploymentPostprocessing = 0;
		};
/* End PBXFrameworksBuildPhase section */

/* Begin PBXGroup section */
		554687BC2CFB5C8B00FE724D = {
			isa = PBXGroup;
			children = (
				554687C72CFB5C8B00FE724D /* FoodDelivery */,
				554687C62CFB5C8B00FE724D /* Products */,
			);
			sourceTree = "<group>";
		};
		554687C62CFB5C8B00FE724D /* Products */ = {
			isa = PBXGroup;
			children = (
				554687C52CFB5C8B00FE724D /* FoodDelivery.app */,
			);
			name = Products;
			sourceTree = "<group>";
		};
		554687C72CFB5C8B00FE724D /* FoodDelivery */ = {
			isa = PBXGroup;
			children = (
				5560F2432CFB99AE00398037 /* SwiftGen */,
				554687CC2CFB5C8B00FE724D /* ViewController.swift */,
				5560F24B2CFBA04100398037 /* App */,
				5560F2172CFB692C00398037 /* Resources */,
			);
			path = FoodDelivery;
			sourceTree = "<group>";
		};
		5560F2172CFB692C00398037 /* Resources */ = {
			isa = PBXGroup;
			children = (
				5560F23C2CFB87F100398037 /* Assets */,
				5560F2182CFB693200398037 /* Fonts */,
				554687D32CFB5C8D00FE724D /* LaunchScreen.storyboard */,
				554687D62CFB5C8D00FE724D /* Info.plist */,
			);
			path = Resources;
			sourceTree = "<group>";
		};
		5560F2182CFB693200398037 /* Fonts */ = {
			isa = PBXGroup;
			children = (
				5560F2262CFB693A00398037 /* Roboto */,
			);
			path = Fonts;
			sourceTree = "<group>";
		};
		5560F2262CFB693A00398037 /* Roboto */ = {
			isa = PBXGroup;
			children = (
				5560F2192CFB693A00398037 /* LICENSE.txt */,
				5560F21A2CFB693A00398037 /* Roboto-Black.ttf */,
				5560F21B2CFB693A00398037 /* Roboto-BlackItalic.ttf */,
				5560F21C2CFB693A00398037 /* Roboto-Bold.ttf */,
				5560F21D2CFB693A00398037 /* Roboto-BoldItalic.ttf */,
				5560F21E2CFB693A00398037 /* Roboto-Italic.ttf */,
				5560F21F2CFB693A00398037 /* Roboto-Light.ttf */,
				5560F2202CFB693A00398037 /* Roboto-LightItalic.ttf */,
				5560F2212CFB693A00398037 /* Roboto-Medium.ttf */,
				5560F2222CFB693A00398037 /* Roboto-MediumItalic.ttf */,
				5560F2232CFB693A00398037 /* Roboto-Regular.ttf */,
				5560F2242CFB693A00398037 /* Roboto-Thin.ttf */,
				5560F2252CFB693A00398037 /* Roboto-ThinItalic.ttf */,
			);
			path = Roboto;
			sourceTree = "<group>";
		};
		5560F23C2CFB87F100398037 /* Assets */ = {
			isa = PBXGroup;
			children = (
				554687D12CFB5C8D00FE724D /* Images.xcassets */,
				5560F23A2CFB87E800398037 /* Colors.xcassets */,
			);
			path = Assets;
			sourceTree = "<group>";
		};
		5560F2432CFB99AE00398037 /* SwiftGen */ = {
			isa = PBXGroup;
			children = (
				5560F2382CFB878000398037 /* swiftgen.yml */,
				5560F2442CFB9B3D00398037 /* Fonts.swift */,
				5560F2452CFB9B3D00398037 /* XCAssets+Generated.swift */,
			);
			path = SwiftGen;
			sourceTree = "<group>";
		};
		5560F24B2CFBA04100398037 /* App */ = {
			isa = PBXGroup;
			children = (
				554687CA2CFB5C8B00FE724D /* SceneDelegate.swift */,
				554687C82CFB5C8B00FE724D /* AppDelegate.swift */,
			);
			path = App;
			sourceTree = "<group>";
		};
/* End PBXGroup section */

/* Begin PBXNativeTarget section */
		554687C42CFB5C8B00FE724D /* FoodDelivery */ = {
			isa = PBXNativeTarget;
			buildConfigurationList = 554687D92CFB5C8D00FE724D /* Build configuration list for PBXNativeTarget "FoodDelivery" */;
			buildPhases = (
				5560F2372CFB868600398037 /* SwiftGen */,
				5560F24A2CFB9E3D00398037 /* SwiftLint */,
				554687C12CFB5C8B00FE724D /* Sources */,
				554687C22CFB5C8B00FE724D /* Frameworks */,
				554687C32CFB5C8B00FE724D /* Resources */,
			);
			buildRules = (
			);
			dependencies = (
			);
			name = FoodDelivery;
			productName = FoodDelivery;
			productReference = 554687C52CFB5C8B00FE724D /* FoodDelivery.app */;
			productType = "com.apple.product-type.application";
		};
/* End PBXNativeTarget section */

/* Begin PBXProject section */
		554687BD2CFB5C8B00FE724D /* Project object */ = {
			isa = PBXProject;
			attributes = {
				BuildIndependentTargetsInParallel = 1;
				LastSwiftUpdateCheck = 1530;
				LastUpgradeCheck = 1530;
				TargetAttributes = {
					554687C42CFB5C8B00FE724D = {
						CreatedOnToolsVersion = 15.3;
					};
				};
			};
			buildConfigurationList = 554687C02CFB5C8B00FE724D /* Build configuration list for PBXProject "FoodDelivery" */;
			compatibilityVersion = "Xcode 14.0";
			developmentRegion = en;
			hasScannedForEncodings = 0;
			knownRegions = (
				en,
				Base,
			);
			mainGroup = 554687BC2CFB5C8B00FE724D;
			productRefGroup = 554687C62CFB5C8B00FE724D /* Products */;
			projectDirPath = "";
			projectRoot = "";
			targets = (
				554687C42CFB5C8B00FE724D /* FoodDelivery */,
			);
		};
/* End PBXProject section */

/* Begin PBXResourcesBuildPhase section */
		554687C32CFB5C8B00FE724D /* Resources */ = {
			isa = PBXResourcesBuildPhase;
			buildActionMask = 2147483647;
			files = (
				5560F2332CFB693A00398037 /* Roboto-ThinItalic.ttf in Resources */,
				5560F2322CFB693A00398037 /* Roboto-Thin.ttf in Resources */,
				5560F2272CFB693A00398037 /* LICENSE.txt in Resources */,
				5560F2392CFB878000398037 /* swiftgen.yml in Resources */,
				554687D22CFB5C8D00FE724D /* Images.xcassets in Resources */,
				5560F22E2CFB693A00398037 /* Roboto-LightItalic.ttf in Resources */,
				5560F22A2CFB693A00398037 /* Roboto-Bold.ttf in Resources */,
				5560F2302CFB693A00398037 /* Roboto-MediumItalic.ttf in Resources */,
				5560F2292CFB693A00398037 /* Roboto-BlackItalic.ttf in Resources */,
				554687D52CFB5C8D00FE724D /* Base in Resources */,
				5560F22C2CFB693A00398037 /* Roboto-Italic.ttf in Resources */,
				5560F22B2CFB693A00398037 /* Roboto-BoldItalic.ttf in Resources */,
				5560F22F2CFB693A00398037 /* Roboto-Medium.ttf in Resources */,
				5560F2312CFB693A00398037 /* Roboto-Regular.ttf in Resources */,
				5560F2282CFB693A00398037 /* Roboto-Black.ttf in Resources */,
				5560F23B2CFB87E800398037 /* Colors.xcassets in Resources */,
				5560F22D2CFB693A00398037 /* Roboto-Light.ttf in Resources */,
			);
			runOnlyForDeploymentPostprocessing = 0;
		};
/* End PBXResourcesBuildPhase section */

/* Begin PBXShellScriptBuildPhase section */
		5560F2372CFB868600398037 /* SwiftGen */ = {
			isa = PBXShellScriptBuildPhase;
			alwaysOutOfDate = 1;
			buildActionMask = 2147483647;
			files = (
			);
			inputFileListPaths = (
			);
			inputPaths = (
			);
			name = SwiftGen;
			outputFileListPaths = (
			);
			outputPaths = (
			);
			runOnlyForDeploymentPostprocessing = 0;
			shellPath = /bin/sh;
			shellScript = "if [[ \"$(uname -m)\" == arm64 ]]\nthen\n    export PATH=\"/opt/homebrew/bin:$PATH\"\nfi\n\nif which swiftgen >/dev/null; then\n  swiftgen config run --config ${PROJECT_DIR}/FoodDelivery/SwiftGen/swiftgen.yml\nelse\n  echo \"error: SwiftGen not installed, download it from https://github.com/SwiftGen/SwiftGen\"\nfi\n";
		};
		5560F24A2CFB9E3D00398037 /* SwiftLint */ = {
			isa = PBXShellScriptBuildPhase;
			alwaysOutOfDate = 1;
			buildActionMask = 2147483647;
			files = (
			);
			inputFileListPaths = (
			);
			inputPaths = (
			);
			name = SwiftLint;
			outputFileListPaths = (
			);
			outputPaths = (
			);
			runOnlyForDeploymentPostprocessing = 0;
			shellPath = /bin/sh;
			shellScript = "if [[ \"$(uname -m)\" == arm64 ]]\nthen\n    export PATH=\"/opt/homebrew/bin:$PATH\"\nfi\n\nif command -v swiftlint >/dev/null 2>&1\nthen\n    swiftlint --config .swiftlint.yml\nelse\n    echo \"warning: `swiftlint` command not found - See https://github.com/realm/SwiftLint#installation for installation instructions.\"\nfi\n";
		};
/* End PBXShellScriptBuildPhase section */

/* Begin PBXSourcesBuildPhase section */
		554687C12CFB5C8B00FE724D /* Sources */ = {
			isa = PBXSourcesBuildPhase;
			buildActionMask = 2147483647;
			files = (
				554687CD2CFB5C8B00FE724D /* ViewController.swift in Sources */,
				554687C92CFB5C8B00FE724D /* AppDelegate.swift in Sources */,
				5560F2462CFB9B3D00398037 /* Fonts.swift in Sources */,
				5560F2472CFB9B3D00398037 /* XCAssets+Generated.swift in Sources */,
				554687CB2CFB5C8B00FE724D /* SceneDelegate.swift in Sources */,
			);
			runOnlyForDeploymentPostprocessing = 0;
		};
/* End PBXSourcesBuildPhase section */

/* Begin PBXVariantGroup section */
		554687D32CFB5C8D00FE724D /* LaunchScreen.storyboard */ = {
			isa = PBXVariantGroup;
			children = (
				554687D42CFB5C8D00FE724D /* Base */,
			);
			name = LaunchScreen.storyboard;
			sourceTree = "<group>";
		};
/* End PBXVariantGroup section */

/* Begin XCBuildConfiguration section */
		554687D72CFB5C8D00FE724D /* Debug */ = {
			isa = XCBuildConfiguration;
			buildSettings = {
				ALWAYS_SEARCH_USER_PATHS = NO;
				ASSETCATALOG_COMPILER_GENERATE_SWIFT_ASSET_SYMBOL_EXTENSIONS = YES;
				CLANG_ANALYZER_NONNULL = YES;
				CLANG_ANALYZER_NUMBER_OBJECT_CONVERSION = YES_AGGRESSIVE;
				CLANG_CXX_LANGUAGE_STANDARD = "gnu++20";
				CLANG_ENABLE_MODULES = YES;
				CLANG_ENABLE_OBJC_ARC = YES;
				CLANG_ENABLE_OBJC_WEAK = YES;
				CLANG_WARN_BLOCK_CAPTURE_AUTORELEASING = YES;
				CLANG_WARN_BOOL_CONVERSION = YES;
				CLANG_WARN_COMMA = YES;
				CLANG_WARN_CONSTANT_CONVERSION = YES;
				CLANG_WARN_DEPRECATED_OBJC_IMPLEMENTATIONS = YES;
				CLANG_WARN_DIRECT_OBJC_ISA_USAGE = YES_ERROR;
				CLANG_WARN_DOCUMENTATION_COMMENTS = YES;
				CLANG_WARN_EMPTY_BODY = YES;
				CLANG_WARN_ENUM_CONVERSION = YES;
				CLANG_WARN_INFINITE_RECURSION = YES;
				CLANG_WARN_INT_CONVERSION = YES;
				CLANG_WARN_NON_LITERAL_NULL_CONVERSION = YES;
				CLANG_WARN_OBJC_IMPLICIT_RETAIN_SELF = YES;
				CLANG_WARN_OBJC_LITERAL_CONVERSION = YES;
				CLANG_WARN_OBJC_ROOT_CLASS = YES_ERROR;
				CLANG_WARN_QUOTED_INCLUDE_IN_FRAMEWORK_HEADER = YES;
				CLANG_WARN_RANGE_LOOP_ANALYSIS = YES;
				CLANG_WARN_STRICT_PROTOTYPES = YES;
				CLANG_WARN_SUSPICIOUS_MOVE = YES;
				CLANG_WARN_UNGUARDED_AVAILABILITY = YES_AGGRESSIVE;
				CLANG_WARN_UNREACHABLE_CODE = YES;
				CLANG_WARN__DUPLICATE_METHOD_MATCH = YES;
				COPY_PHASE_STRIP = NO;
				DEBUG_INFORMATION_FORMAT = dwarf;
				ENABLE_STRICT_OBJC_MSGSEND = YES;
				ENABLE_TESTABILITY = YES;
				ENABLE_USER_SCRIPT_SANDBOXING = NO;
				GCC_C_LANGUAGE_STANDARD = gnu17;
				GCC_DYNAMIC_NO_PIC = NO;
				GCC_NO_COMMON_BLOCKS = YES;
				GCC_OPTIMIZATION_LEVEL = 0;
				GCC_PREPROCESSOR_DEFINITIONS = (
					"DEBUG=1",
					"$(inherited)",
				);
				GCC_WARN_64_TO_32_BIT_CONVERSION = YES;
				GCC_WARN_ABOUT_RETURN_TYPE = YES_ERROR;
				GCC_WARN_UNDECLARED_SELECTOR = YES;
				GCC_WARN_UNINITIALIZED_AUTOS = YES_AGGRESSIVE;
				GCC_WARN_UNUSED_FUNCTION = YES;
				GCC_WARN_UNUSED_VARIABLE = YES;
				IPHONEOS_DEPLOYMENT_TARGET = 15.0;
				LOCALIZATION_PREFERS_STRING_CATALOGS = YES;
				MTL_ENABLE_DEBUG_INFO = INCLUDE_SOURCE;
				MTL_FAST_MATH = YES;
				ONLY_ACTIVE_ARCH = YES;
				SDKROOT = iphoneos;
				SWIFT_ACTIVE_COMPILATION_CONDITIONS = "DEBUG $(inherited)";
				SWIFT_OPTIMIZATION_LEVEL = "-Onone";
			};
			name = Debug;
		};
		554687D82CFB5C8D00FE724D /* Release */ = {
			isa = XCBuildConfiguration;
			buildSettings = {
				ALWAYS_SEARCH_USER_PATHS = NO;
				ASSETCATALOG_COMPILER_GENERATE_SWIFT_ASSET_SYMBOL_EXTENSIONS = YES;
				CLANG_ANALYZER_NONNULL = YES;
				CLANG_ANALYZER_NUMBER_OBJECT_CONVERSION = YES_AGGRESSIVE;
				CLANG_CXX_LANGUAGE_STANDARD = "gnu++20";
				CLANG_ENABLE_MODULES = YES;
				CLANG_ENABLE_OBJC_ARC = YES;
				CLANG_ENABLE_OBJC_WEAK = YES;
				CLANG_WARN_BLOCK_CAPTURE_AUTORELEASING = YES;
				CLANG_WARN_BOOL_CONVERSION = YES;
				CLANG_WARN_COMMA = YES;
				CLANG_WARN_CONSTANT_CONVERSION = YES;
				CLANG_WARN_DEPRECATED_OBJC_IMPLEMENTATIONS = YES;
				CLANG_WARN_DIRECT_OBJC_ISA_USAGE = YES_ERROR;
				CLANG_WARN_DOCUMENTATION_COMMENTS = YES;
				CLANG_WARN_EMPTY_BODY = YES;
				CLANG_WARN_ENUM_CONVERSION = YES;
				CLANG_WARN_INFINITE_RECURSION = YES;
				CLANG_WARN_INT_CONVERSION = YES;
				CLANG_WARN_NON_LITERAL_NULL_CONVERSION = YES;
				CLANG_WARN_OBJC_IMPLICIT_RETAIN_SELF = YES;
				CLANG_WARN_OBJC_LITERAL_CONVERSION = YES;
				CLANG_WARN_OBJC_ROOT_CLASS = YES_ERROR;
				CLANG_WARN_QUOTED_INCLUDE_IN_FRAMEWORK_HEADER = YES;
				CLANG_WARN_RANGE_LOOP_ANALYSIS = YES;
				CLANG_WARN_STRICT_PROTOTYPES = YES;
				CLANG_WARN_SUSPICIOUS_MOVE = YES;
				CLANG_WARN_UNGUARDED_AVAILABILITY = YES_AGGRESSIVE;
				CLANG_WARN_UNREACHABLE_CODE = YES;
				CLANG_WARN__DUPLICATE_METHOD_MATCH = YES;
				COPY_PHASE_STRIP = NO;
				DEBUG_INFORMATION_FORMAT = "dwarf-with-dsym";
				ENABLE_NS_ASSERTIONS = NO;
				ENABLE_STRICT_OBJC_MSGSEND = YES;
				ENABLE_USER_SCRIPT_SANDBOXING = NO;
				GCC_C_LANGUAGE_STANDARD = gnu17;
				GCC_NO_COMMON_BLOCKS = YES;
				GCC_WARN_64_TO_32_BIT_CONVERSION = YES;
				GCC_WARN_ABOUT_RETURN_TYPE = YES_ERROR;
				GCC_WARN_UNDECLARED_SELECTOR = YES;
				GCC_WARN_UNINITIALIZED_AUTOS = YES_AGGRESSIVE;
				GCC_WARN_UNUSED_FUNCTION = YES;
				GCC_WARN_UNUSED_VARIABLE = YES;
				IPHONEOS_DEPLOYMENT_TARGET = 15.0;
				LOCALIZATION_PREFERS_STRING_CATALOGS = YES;
				MTL_ENABLE_DEBUG_INFO = NO;
				MTL_FAST_MATH = YES;
				SDKROOT = iphoneos;
				SWIFT_COMPILATION_MODE = wholemodule;
				VALIDATE_PRODUCT = YES;
			};
			name = Release;
		};
		554687DA2CFB5C8D00FE724D /* Debug */ = {
			isa = XCBuildConfiguration;
			buildSettings = {
				ASSETCATALOG_COMPILER_APPICON_NAME = AppIcon;
				ASSETCATALOG_COMPILER_GLOBAL_ACCENT_COLOR_NAME = AccentColor;
				CODE_SIGN_STYLE = Automatic;
				CURRENT_PROJECT_VERSION = 1;
				DEVELOPMENT_TEAM = 483R2RBHL2;
				GENERATE_INFOPLIST_FILE = YES;
				INFOPLIST_FILE = FoodDelivery/Resources/Info.plist;
				INFOPLIST_KEY_UIApplicationSupportsIndirectInputEvents = YES;
				INFOPLIST_KEY_UILaunchStoryboardName = LaunchScreen;
				INFOPLIST_KEY_UISupportedInterfaceOrientations = UIInterfaceOrientationPortrait;
				IPHONEOS_DEPLOYMENT_TARGET = 15.0;
				LD_RUNPATH_SEARCH_PATHS = (
					"$(inherited)",
					"@executable_path/Frameworks",
				);
				MARKETING_VERSION = 1.0;
				PRODUCT_BUNDLE_IDENTIFIER = com.igorpustylnik.FoodDelivery;
				PRODUCT_NAME = "$(TARGET_NAME)";
				SWIFT_EMIT_LOC_STRINGS = YES;
				SWIFT_VERSION = 5.0;
				TARGETED_DEVICE_FAMILY = "1,2";
			};
			name = Debug;
		};
		554687DB2CFB5C8D00FE724D /* Release */ = {
			isa = XCBuildConfiguration;
			buildSettings = {
				ASSETCATALOG_COMPILER_APPICON_NAME = AppIcon;
				ASSETCATALOG_COMPILER_GLOBAL_ACCENT_COLOR_NAME = AccentColor;
				CODE_SIGN_STYLE = Automatic;
				CURRENT_PROJECT_VERSION = 1;
				DEVELOPMENT_TEAM = 483R2RBHL2;
				GENERATE_INFOPLIST_FILE = YES;
				INFOPLIST_FILE = FoodDelivery/Resources/Info.plist;
				INFOPLIST_KEY_UIApplicationSupportsIndirectInputEvents = YES;
				INFOPLIST_KEY_UILaunchStoryboardName = LaunchScreen;
				INFOPLIST_KEY_UISupportedInterfaceOrientations = UIInterfaceOrientationPortrait;
				IPHONEOS_DEPLOYMENT_TARGET = 15.0;
				LD_RUNPATH_SEARCH_PATHS = (
					"$(inherited)",
					"@executable_path/Frameworks",
				);
				MARKETING_VERSION = 1.0;
				PRODUCT_BUNDLE_IDENTIFIER = com.igorpustylnik.FoodDelivery;
				PRODUCT_NAME = "$(TARGET_NAME)";
				SWIFT_EMIT_LOC_STRINGS = YES;
				SWIFT_VERSION = 5.0;
				TARGETED_DEVICE_FAMILY = "1,2";
			};
			name = Release;
		};
/* End XCBuildConfiguration section */

/* Begin XCConfigurationList section */
		554687C02CFB5C8B00FE724D /* Build configuration list for PBXProject "FoodDelivery" */ = {
			isa = XCConfigurationList;
			buildConfigurations = (
				554687D72CFB5C8D00FE724D /* Debug */,
				554687D82CFB5C8D00FE724D /* Release */,
			);
			defaultConfigurationIsVisible = 0;
			defaultConfigurationName = Release;
		};
		554687D92CFB5C8D00FE724D /* Build configuration list for PBXNativeTarget "FoodDelivery" */ = {
			isa = XCConfigurationList;
			buildConfigurations = (
				554687DA2CFB5C8D00FE724D /* Debug */,
				554687DB2CFB5C8D00FE724D /* Release */,
			);
			defaultConfigurationIsVisible = 0;
			defaultConfigurationName = Release;
		};
/* End XCConfigurationList section */
	};
	rootObject = 554687BD2CFB5C8B00FE724D /* Project object */;
}
